
Microsoft Visual Studio Solution File, Format Version 12.00
# Visual Studio Version 17
VisualStudioVersion = 17.7.34031.279
MinimumVisualStudioVersion = 10.0.40219.1
Project("{FAE04EC0-301F-11D3-BF4B-00C04F79EFBC}") = "EjT6_HelloWorld", "EjT6_HelloWorld\EjT6_HelloWorld.csproj", "{66699EAC-07B7-4636-B5AB-AD38A28B1265}"
EndProject
Global
	GlobalSection(SolutionConfigurationPlatforms) = preSolution
		Debug|Any CPU = Debug|Any CPU
		Release|Any CPU = Release|Any CPU
	EndGlobalSection
	GlobalSection(ProjectConfigurationPlatforms) = postSolution
		{66699EAC-07B7-4636-B5AB-AD38A28B1265}.Debug|Any CPU.ActiveCfg = Debug|Any CPU
		{66699EAC-07B7-4636-B5AB-AD38A28B1265}.Debug|Any CPU.Build.0 = Debug|Any CPU
		{66699EAC-07B7-4636-B5AB-AD38A28B1265}.Release|Any CPU.ActiveCfg = Release|Any CPU
		{66699EAC-07B7-4636-B5AB-AD38A28B1265}.Release|Any CPU.Build.0 = Release|Any CPU
	EndGlobalSection
	GlobalSection(SolutionProperties) = preSolution
		HideSolutionNode = FALSE
	EndGlobalSection
	GlobalSection(ExtensibilityGlobals) = postSolution
		SolutionGuid = {53AB0DA4-9E1E-4917-9820-96579C87646F}
	EndGlobalSection
EndGlobal
